
Microsoft Visual Studio Solution File, Format Version 12.00
# Visual Studio Version 17
VisualStudioVersion = 17.2.32616.157
MinimumVisualStudioVersion = 10.0.40219.1
Project("{FAE04EC0-301F-11D3-BF4B-00C04F79EFBC}") = "osu2json", "osu2json\osu2json.csproj", "{1A7E2E1F-7452-464F-B00F-F79F9772A63F}"
EndProject
Global
	GlobalSection(SolutionConfigurationPlatforms) = preSolution
		Debug|Any CPU = Debug|Any CPU
		Release|Any CPU = Release|Any CPU
	EndGlobalSection
	GlobalSection(ProjectConfigurationPlatforms) = postSolution
		{1A7E2E1F-7452-464F-B00F-F79F9772A63F}.Debug|Any CPU.ActiveCfg = Debug|Any CPU
		{1A7E2E1F-7452-464F-B00F-F79F9772A63F}.Debug|Any CPU.Build.0 = Debug|Any CPU
		{1A7E2E1F-7452-464F-B00F-F79F9772A63F}.Release|Any CPU.ActiveCfg = Release|Any CPU
		{1A7E2E1F-7452-464F-B00F-F79F9772A63F}.Release|Any CPU.Build.0 = Release|Any CPU
	EndGlobalSection
	GlobalSection(SolutionProperties) = preSolution
		HideSolutionNode = FALSE
	EndGlobalSection
	GlobalSection(ExtensibilityGlobals) = postSolution
		SolutionGuid = {D3A1960E-C110-4B52-89C5-F382B1478F26}
	EndGlobalSection
EndGlobal
